
Microsoft Visual Studio Solution File, Format Version 12.00
Project("{FAE04EC0-301F-11D3-BF4B-00C04F79EFBC}") = "TelegramDataStorage", "TelegramDataStorage\TelegramDataStorage.csproj", "{885A483B-3852-4EAB-BA12-AF82288AC11D}"
EndProject
Project("{FAE04EC0-301F-11D3-BF4B-00C04F79EFBC}") = "TelegramDataStorage.IntegrationTests", "TelegramDataStorage.IntegrationTests\TelegramDataStorage.IntegrationTests.csproj", "{972B90B0-454F-47C2-B742-97ACC8C98210}"
EndProject
Project("{FAE04EC0-301F-11D3-BF4B-00C04F79EFBC}") = "TelegramDataStorage.Tests", "TelegramDataStorage.Tests\TelegramDataStorage.Tests.csproj", "{C9B73F49-7DBF-4A12-A390-CED85D27A2EF}"
EndProject
Global
	GlobalSection(SolutionConfigurationPlatforms) = preSolution
		Debug|Any CPU = Debug|Any CPU
		Release|Any CPU = Release|Any CPU
	EndGlobalSection
	GlobalSection(ProjectConfigurationPlatforms) = postSolution
		{885A483B-3852-4EAB-BA12-AF82288AC11D}.Debug|Any CPU.ActiveCfg = Debug|Any CPU
		{885A483B-3852-4EAB-BA12-AF82288AC11D}.Debug|Any CPU.Build.0 = Debug|Any CPU
		{885A483B-3852-4EAB-BA12-AF82288AC11D}.Release|Any CPU.ActiveCfg = Release|Any CPU
		{885A483B-3852-4EAB-BA12-AF82288AC11D}.Release|Any CPU.Build.0 = Release|Any CPU
		{972B90B0-454F-47C2-B742-97ACC8C98210}.Debug|Any CPU.ActiveCfg = Debug|Any CPU
		{972B90B0-454F-47C2-B742-97ACC8C98210}.Debug|Any CPU.Build.0 = Debug|Any CPU
		{972B90B0-454F-47C2-B742-97ACC8C98210}.Release|Any CPU.ActiveCfg = Release|Any CPU
		{972B90B0-454F-47C2-B742-97ACC8C98210}.Release|Any CPU.Build.0 = Release|Any CPU
		{C9B73F49-7DBF-4A12-A390-CED85D27A2EF}.Debug|Any CPU.ActiveCfg = Debug|Any CPU
		{C9B73F49-7DBF-4A12-A390-CED85D27A2EF}.Debug|Any CPU.Build.0 = Debug|Any CPU
		{C9B73F49-7DBF-4A12-A390-CED85D27A2EF}.Release|Any CPU.ActiveCfg = Release|Any CPU
		{C9B73F49-7DBF-4A12-A390-CED85D27A2EF}.Release|Any CPU.Build.0 = Release|Any CPU
	EndGlobalSection
EndGlobal
